
Microsoft Visual Studio Solution File, Format Version 12.00
# Visual Studio Version 17
VisualStudioVersion = 17.10.35004.147
MinimumVisualStudioVersion = 10.0.40219.1
Project("{9A19103F-16F7-4668-BE54-9A1E7A4F7556}") = "Practic", "Practic\Practic.csproj", "{D669D63D-0F17-4CAE-83E0-9D4734EF6F07}"
EndProject
Global
	GlobalSection(SolutionConfigurationPlatforms) = preSolution
		Debug|Any CPU = Debug|Any CPU
		Release|Any CPU = Release|Any CPU
	EndGlobalSection
	GlobalSection(ProjectConfigurationPlatforms) = postSolution
		{D669D63D-0F17-4CAE-83E0-9D4734EF6F07}.Debug|Any CPU.ActiveCfg = Debug|Any CPU
		{D669D63D-0F17-4CAE-83E0-9D4734EF6F07}.Debug|Any CPU.Build.0 = Debug|Any CPU
		{D669D63D-0F17-4CAE-83E0-9D4734EF6F07}.Release|Any CPU.ActiveCfg = Release|Any CPU
		{D669D63D-0F17-4CAE-83E0-9D4734EF6F07}.Release|Any CPU.Build.0 = Release|Any CPU
	EndGlobalSection
	GlobalSection(SolutionProperties) = preSolution
		HideSolutionNode = FALSE
	EndGlobalSection
	GlobalSection(ExtensibilityGlobals) = postSolution
		SolutionGuid = {25EC7D4F-5517-4A31-9BBE-588C3A97FDDD}
	EndGlobalSection
EndGlobal
